version: 6
environments:
  default:
    channels:
    - url: https://prefix.dev/pixi-build-backends/
    - url: https://prefix.dev/conda-forge/
    indexes:
    - https://pypi.org/simple
    packages:
      linux-64:
      - conda: https://prefix.dev/conda-forge/linux-64/_libgcc_mutex-0.1-conda_forge.tar.bz2
      - conda: https://prefix.dev/conda-forge/linux-64/_openmp_mutex-4.5-2_gnu.tar.bz2
      - conda: https://prefix.dev/conda-forge/linux-64/bzip2-1.0.8-h4bc722e_7.conda
      - conda: https://prefix.dev/conda-forge/noarch/ca-certificates-2025.6.15-hbd8a1cb_0.conda
      - conda: https://prefix.dev/conda-forge/linux-64/ld_impl_linux-64-2.44-h1423503_0.conda
      - conda: https://prefix.dev/conda-forge/linux-64/libblas-3.9.0-32_h59b9bed_openblas.conda
      - conda: https://prefix.dev/conda-forge/linux-64/libcblas-3.9.0-32_he106b2a_openblas.conda
      - conda: https://prefix.dev/conda-forge/linux-64/libexpat-2.7.1-hecca717_0.conda
      - conda: https://prefix.dev/conda-forge/linux-64/libffi-3.4.6-h2dba641_1.conda
      - conda: https://prefix.dev/conda-forge/linux-64/libgcc-15.1.0-h767d61c_3.conda
      - conda: https://prefix.dev/conda-forge/linux-64/libgcc-ng-15.1.0-h69a702a_3.conda
      - conda: https://prefix.dev/conda-forge/linux-64/libgfortran-15.1.0-h69a702a_3.conda
      - conda: https://prefix.dev/conda-forge/linux-64/libgfortran5-15.1.0-hcea5267_3.conda
      - conda: https://prefix.dev/conda-forge/linux-64/libgomp-15.1.0-h767d61c_3.conda
      - conda: https://prefix.dev/conda-forge/linux-64/liblapack-3.9.0-32_h7ac8fdf_openblas.conda
      - conda: https://prefix.dev/conda-forge/linux-64/liblzma-5.8.1-hb9d3cd8_2.conda
      - conda: https://prefix.dev/conda-forge/linux-64/libmpdec-4.0.0-hb9d3cd8_0.conda
      - conda: https://prefix.dev/conda-forge/linux-64/libopenblas-0.3.30-pthreads_h94d23a6_0.conda
      - conda: https://prefix.dev/conda-forge/linux-64/libsqlite-3.50.4-h0c1763c_0.conda
      - conda: https://prefix.dev/conda-forge/linux-64/libstdcxx-15.1.0-h8f9b012_3.conda
      - conda: https://prefix.dev/conda-forge/linux-64/libuuid-2.38.1-h0b41bf4_0.conda
      - conda: https://prefix.dev/conda-forge/linux-64/libzlib-1.3.1-hb9d3cd8_2.conda
      - conda: https://prefix.dev/conda-forge/linux-64/ncurses-6.5-h2d0b736_3.conda
      - conda: https://prefix.dev/conda-forge/linux-64/numpy-2.3.3-py313hf6604e3_0.conda
      - conda: https://prefix.dev/conda-forge/linux-64/openssl-3.5.2-h26f9b46_0.conda
      - conda: https://prefix.dev/conda-forge/linux-64/python-3.13.7-h2b335a9_100_cp313.conda
      - conda: https://prefix.dev/conda-forge/noarch/python_abi-3.13-8_cp313.conda
      - conda: https://prefix.dev/conda-forge/linux-64/readline-8.2-h8c095d6_2.conda
      - conda: https://prefix.dev/conda-forge/linux-64/tk-8.6.13-noxft_hd72426e_102.conda
      - conda: https://prefix.dev/conda-forge/noarch/tzdata-2025b-h78e105d_0.conda
      - conda: .
      - pypi: https://files.pythonhosted.org/packages/8f/aa/ba0014cc4659328dc818a28827be78e6d97312ab0cb98105a770924dc11e/absl_py-2.3.1-py3-none-any.whl
      - pypi: https://files.pythonhosted.org/packages/e5/3f/81d9650ca40b54338336fd360f36773be8cb6c07c036e751d8996eb96598/grpcio-1.73.1-cp313-cp313-manylinux_2_17_x86_64.manylinux2014_x86_64.whl
      - pypi: https://files.pythonhosted.org/packages/96/2b/34cc11786bc00d0f04d0f5fdc3a2b1ae0b6239eef72d3d345805f9ad92a1/markdown-3.8.2-py3-none-any.whl
      - pypi: https://files.pythonhosted.org/packages/0c/91/96cf928db8236f1bfab6ce15ad070dfdd02ed88261c2afafd4b43575e9e9/MarkupSafe-3.0.2-cp313-cp313-manylinux_2_17_x86_64.manylinux2014_x86_64.whl
      - pypi: https://files.pythonhosted.org/packages/20/12/38679034af332785aac8774540895e234f4d07f7545804097de4b666afd8/packaging-25.0-py3-none-any.whl
      - pypi: https://files.pythonhosted.org/packages/fa/b1/b59d405d64d31999244643d88c45c8241c58f17cc887e73bcb90602327f8/protobuf-6.31.1-cp39-abi3-manylinux2014_x86_64.whl
      - pypi: https://files.pythonhosted.org/packages/a3/dc/17031897dae0efacfea57dfd3a82fdd2a2aeb58e0ff71b77b87e44edc772/setuptools-80.9.0-py3-none-any.whl
      - pypi: https://files.pythonhosted.org/packages/b7/ce/149a00dd41f10bc29e5921b496af8b574d8413afcd5e30dfa0ed46c2cc5e/six-1.17.0-py2.py3-none-any.whl
      - pypi: https://files.pythonhosted.org/packages/5d/12/4f70e8e2ba0dbe72ea978429d8530b0333f0ed2140cc571a48802878ef99/tensorboard-2.19.0-py3-none-any.whl
      - pypi: https://files.pythonhosted.org/packages/7a/13/e503968fefabd4c6b2650af21e110aa8466fe21432cd7c43a84577a89438/tensorboard_data_server-0.7.2-py3-none-any.whl
      - pypi: https://files.pythonhosted.org/packages/52/24/ab44c871b0f07f491e5d2ad12c9bd7358e527510618cb1b803a88e986db1/werkzeug-3.1.3-py3-none-any.whl
      osx-arm64:
      - conda: https://prefix.dev/conda-forge/osx-arm64/bzip2-1.0.8-h99b78c6_7.conda
      - conda: https://prefix.dev/conda-forge/noarch/ca-certificates-2025.6.15-hbd8a1cb_0.conda
      - conda: https://prefix.dev/conda-forge/osx-arm64/icu-75.1-hfee45f7_0.conda
      - conda: https://prefix.dev/conda-forge/osx-arm64/libblas-3.9.0-32_h10e41b3_openblas.conda
      - conda: https://prefix.dev/conda-forge/osx-arm64/libcblas-3.9.0-32_hb3479ef_openblas.conda
      - conda: https://prefix.dev/conda-forge/osx-arm64/libcxx-20.1.7-ha82da77_0.conda
      - conda: https://prefix.dev/conda-forge/osx-arm64/libexpat-2.7.1-hec049ff_0.conda
      - conda: https://prefix.dev/conda-forge/osx-arm64/libffi-3.4.6-h1da3d7d_1.conda
      - conda: https://prefix.dev/conda-forge/osx-arm64/libgfortran-5.0.0-14_2_0_h6c33f7e_103.conda
      - conda: https://prefix.dev/conda-forge/osx-arm64/libgfortran5-14.2.0-h6c33f7e_103.conda
      - conda: https://prefix.dev/conda-forge/osx-arm64/liblapack-3.9.0-32_hc9a63f6_openblas.conda
      - conda: https://prefix.dev/conda-forge/osx-arm64/liblzma-5.8.1-h39f12f2_2.conda
      - conda: https://prefix.dev/conda-forge/osx-arm64/libmpdec-4.0.0-h5505292_0.conda
      - conda: https://prefix.dev/conda-forge/osx-arm64/libopenblas-0.3.30-openmp_hf332438_0.conda
      - conda: https://prefix.dev/conda-forge/osx-arm64/libsqlite-3.50.4-h4237e3c_0.conda
      - conda: https://prefix.dev/conda-forge/osx-arm64/libzlib-1.3.1-h8359307_2.conda
      - conda: https://prefix.dev/conda-forge/osx-arm64/llvm-openmp-20.1.7-hdb05f8b_0.conda
      - conda: https://prefix.dev/conda-forge/osx-arm64/ncurses-6.5-h5e97a16_3.conda
      - conda: https://prefix.dev/conda-forge/osx-arm64/numpy-2.3.3-py313h9771d21_0.conda
      - conda: https://prefix.dev/conda-forge/osx-arm64/openssl-3.5.2-he92f556_0.conda
      - conda: https://prefix.dev/conda-forge/osx-arm64/python-3.13.7-h5c937ed_100_cp313.conda
      - conda: https://prefix.dev/conda-forge/noarch/python_abi-3.13-8_cp313.conda
      - conda: https://prefix.dev/conda-forge/osx-arm64/readline-8.2-h1d1bf99_2.conda
      - conda: https://prefix.dev/conda-forge/osx-arm64/tk-8.6.13-h892fb3f_2.conda
      - conda: https://prefix.dev/conda-forge/noarch/tzdata-2025b-h78e105d_0.conda
      - conda: .
      - pypi: https://files.pythonhosted.org/packages/8f/aa/ba0014cc4659328dc818a28827be78e6d97312ab0cb98105a770924dc11e/absl_py-2.3.1-py3-none-any.whl
      - pypi: https://files.pythonhosted.org/packages/75/ed/45c345f284abec5d4f6d77cbca9c52c39b554397eb7de7d2fcf440bcd049/grpcio-1.73.1-cp313-cp313-macosx_11_0_universal2.whl
      - pypi: https://files.pythonhosted.org/packages/96/2b/34cc11786bc00d0f04d0f5fdc3a2b1ae0b6239eef72d3d345805f9ad92a1/markdown-3.8.2-py3-none-any.whl
      - pypi: https://files.pythonhosted.org/packages/2b/6d/9409f3684d3335375d04e5f05744dfe7e9f120062c9857df4ab490a1031a/MarkupSafe-3.0.2-cp313-cp313-macosx_11_0_arm64.whl
      - pypi: https://files.pythonhosted.org/packages/20/12/38679034af332785aac8774540895e234f4d07f7545804097de4b666afd8/packaging-25.0-py3-none-any.whl
      - pypi: https://files.pythonhosted.org/packages/6a/c9/b9689a2a250264a84e66c46d8862ba788ee7a641cdca39bccf64f59284b7/protobuf-6.31.1-cp39-abi3-macosx_10_9_universal2.whl
      - pypi: https://files.pythonhosted.org/packages/a3/dc/17031897dae0efacfea57dfd3a82fdd2a2aeb58e0ff71b77b87e44edc772/setuptools-80.9.0-py3-none-any.whl
      - pypi: https://files.pythonhosted.org/packages/b7/ce/149a00dd41f10bc29e5921b496af8b574d8413afcd5e30dfa0ed46c2cc5e/six-1.17.0-py2.py3-none-any.whl
      - pypi: https://files.pythonhosted.org/packages/5d/12/4f70e8e2ba0dbe72ea978429d8530b0333f0ed2140cc571a48802878ef99/tensorboard-2.19.0-py3-none-any.whl
      - pypi: https://files.pythonhosted.org/packages/7a/13/e503968fefabd4c6b2650af21e110aa8466fe21432cd7c43a84577a89438/tensorboard_data_server-0.7.2-py3-none-any.whl
      - pypi: https://files.pythonhosted.org/packages/52/24/ab44c871b0f07f491e5d2ad12c9bd7358e527510618cb1b803a88e986db1/werkzeug-3.1.3-py3-none-any.whl
packages:
- conda: https://prefix.dev/conda-forge/linux-64/_libgcc_mutex-0.1-conda_forge.tar.bz2
  sha256: fe51de6107f9edc7aa4f786a70f4a883943bc9d39b3bb7307c04c41410990726
  md5: d7c89558ba9fa0495403155b64376d81
  license: None
  purls: []
  size: 2562
  timestamp: 1578324546067
- conda: https://prefix.dev/conda-forge/linux-64/_openmp_mutex-4.5-2_gnu.tar.bz2
  build_number: 16
  sha256: fbe2c5e56a653bebb982eda4876a9178aedfc2b545f25d0ce9c4c0b508253d22
  md5: 73aaf86a425cc6e73fcf236a5a46396d
  depends:
  - _libgcc_mutex 0.1 conda_forge
  - libgomp >=7.5.0
  constrains:
  - openmp_impl 9999
  license: BSD-3-Clause
  license_family: BSD
  purls: []
  size: 23621
  timestamp: 1650670423406
- pypi: https://files.pythonhosted.org/packages/8f/aa/ba0014cc4659328dc818a28827be78e6d97312ab0cb98105a770924dc11e/absl_py-2.3.1-py3-none-any.whl
  name: absl-py
  version: 2.3.1
  sha256: eeecf07f0c2a93ace0772c92e596ace6d3d3996c042b2128459aaae2a76de11d
  requires_python: '>=3.8'
- conda: https://prefix.dev/conda-forge/linux-64/bzip2-1.0.8-h4bc722e_7.conda
  sha256: 5ced96500d945fb286c9c838e54fa759aa04a7129c59800f0846b4335cee770d
  md5: 62ee74e96c5ebb0af99386de58cf9553
  depends:
  - __glibc >=2.17,<3.0.a0
  - libgcc-ng >=12
  license: bzip2-1.0.6
  license_family: BSD
  purls: []
  size: 252783
  timestamp: 1720974456583
- conda: https://prefix.dev/conda-forge/osx-arm64/bzip2-1.0.8-h99b78c6_7.conda
  sha256: adfa71f158cbd872a36394c56c3568e6034aa55c623634b37a4836bd036e6b91
  md5: fc6948412dbbbe9a4c9ddbbcfe0a79ab
  depends:
  - __osx >=11.0
  license: bzip2-1.0.6
  license_family: BSD
  purls: []
  size: 122909
  timestamp: 1720974522888
- conda: https://prefix.dev/conda-forge/noarch/ca-certificates-2025.6.15-hbd8a1cb_0.conda
  sha256: 7cfec9804c84844ea544d98bda1d9121672b66ff7149141b8415ca42dfcd44f6
  md5: 72525f07d72806e3b639ad4504c30ce5
  depends:
  - __unix
  license: ISC
  purls: []
  size: 151069
  timestamp: 1749990087500
- pypi: https://files.pythonhosted.org/packages/75/ed/45c345f284abec5d4f6d77cbca9c52c39b554397eb7de7d2fcf440bcd049/grpcio-1.73.1-cp313-cp313-macosx_11_0_universal2.whl
  name: grpcio
  version: 1.73.1
  sha256: 8f5a6df3fba31a3485096ac85b2e34b9666ffb0590df0cd044f58694e6a1f6b5
  requires_dist:
  - grpcio-tools>=1.73.1 ; extra == 'protobuf'
  requires_python: '>=3.9'
- pypi: https://files.pythonhosted.org/packages/e5/3f/81d9650ca40b54338336fd360f36773be8cb6c07c036e751d8996eb96598/grpcio-1.73.1-cp313-cp313-manylinux_2_17_x86_64.manylinux2014_x86_64.whl
  name: grpcio
  version: 1.73.1
  sha256: 0ab860d5bfa788c5a021fba264802e2593688cd965d1374d31d2b1a34cacd854
  requires_dist:
  - grpcio-tools>=1.73.1 ; extra == 'protobuf'
  requires_python: '>=3.9'
- conda: https://prefix.dev/conda-forge/osx-arm64/icu-75.1-hfee45f7_0.conda
  sha256: 9ba12c93406f3df5ab0a43db8a4b4ef67a5871dfd401010fbe29b218b2cbe620
  md5: 5eb22c1d7b3fc4abb50d92d621583137
  depends:
  - __osx >=11.0
  license: MIT
  license_family: MIT
  purls: []
  size: 11857802
  timestamp: 1720853997952
- conda: https://prefix.dev/conda-forge/linux-64/ld_impl_linux-64-2.44-h1423503_0.conda
  sha256: 2a34aa8146f97f9e2fc1f3ff34e17c1008afd4a7b0e2fea164b8e5df00b8cbb4
  md5: e31316a586cac398b1fcdb10ace786b9
  depends:
  - __glibc >=2.17,<3.0.a0
  constrains:
  - binutils_impl_linux-64 2.44
  license: GPL-3.0-only
  license_family: GPL
  purls: []
  size: 675719
  timestamp: 1751601710789
- conda: https://prefix.dev/conda-forge/linux-64/libblas-3.9.0-32_h59b9bed_openblas.conda
  build_number: 32
  sha256: 1540bf739feb446ff71163923e7f044e867d163c50b605c8b421c55ff39aa338
  md5: 2af9f3d5c2e39f417ce040f5a35c40c6
  depends:
  - libopenblas >=0.3.30,<0.3.31.0a0
  - libopenblas >=0.3.30,<1.0a0
  constrains:
  - libcblas   3.9.0   32*_openblas
  - mkl <2025
  - liblapacke 3.9.0   32*_openblas
  - blas 2.132   openblas
  - liblapack  3.9.0   32*_openblas
  license: BSD-3-Clause
  license_family: BSD
  purls: []
  size: 17330
  timestamp: 1750388798074
- conda: https://prefix.dev/conda-forge/osx-arm64/libblas-3.9.0-32_h10e41b3_openblas.conda
  build_number: 32
  sha256: 2775472dd81d43dc20804b484028560bfecd5ab4779e39f1fb95684da3ff2029
  md5: d4a1732d2b330c9d5d4be16438a0ac78
  depends:
  - libopenblas >=0.3.30,<0.3.31.0a0
  - libopenblas >=0.3.30,<1.0a0
  constrains:
  - blas 2.132   openblas
  - liblapack  3.9.0   32*_openblas
  - mkl <2025
  - libcblas   3.9.0   32*_openblas
  - liblapacke 3.9.0   32*_openblas
  license: BSD-3-Clause
  license_family: BSD
  purls: []
  size: 17520
  timestamp: 1750388963178
- conda: https://prefix.dev/conda-forge/linux-64/libcblas-3.9.0-32_he106b2a_openblas.conda
  build_number: 32
  sha256: 92a001fc181e6abe4f4a672b81d9413ca2f22609f8a95327dfcc6eee593ffeb9
  md5: 3d3f9355e52f269cd8bc2c440d8a5263
  depends:
  - libblas 3.9.0 32_h59b9bed_openblas
  constrains:
  - blas 2.132   openblas
  - liblapack  3.9.0   32*_openblas
  - liblapacke 3.9.0   32*_openblas
  license: BSD-3-Clause
  license_family: BSD
  purls: []
  size: 17308
  timestamp: 1750388809353
- conda: https://prefix.dev/conda-forge/osx-arm64/libcblas-3.9.0-32_hb3479ef_openblas.conda
  build_number: 32
  sha256: 25d46ace14c3ac45d4aa18b5f7a0d3d30cec422297e900f8b97a66334232061c
  md5: d8e8ba717ae863b13a7495221f2b5a71
  depends:
  - libblas 3.9.0 32_h10e41b3_openblas
  constrains:
  - blas 2.132   openblas
  - liblapack  3.9.0   32*_openblas
  - liblapacke 3.9.0   32*_openblas
  license: BSD-3-Clause
  license_family: BSD
  purls: []
  size: 17485
  timestamp: 1750388970626
- conda: https://prefix.dev/conda-forge/osx-arm64/libcxx-20.1.7-ha82da77_0.conda
  sha256: a3fd34773f1252a4f089e74a075ff5f0f6b878aede097e83a405f35687c36f24
  md5: 881de227abdddbe596239fa9e82eb3ab
  depends:
  - __osx >=11.0
  license: Apache-2.0 WITH LLVM-exception
  license_family: Apache
  purls: []
  size: 567189
  timestamp: 1749847129529
- conda: https://prefix.dev/conda-forge/linux-64/libexpat-2.7.1-hecca717_0.conda
  sha256: da2080da8f0288b95dd86765c801c6e166c4619b910b11f9a8446fb852438dc2
  md5: 4211416ecba1866fab0c6470986c22d6
  depends:
  - __glibc >=2.17,<3.0.a0
  - libgcc >=14
  constrains:
  - expat 2.7.1.*
  license: MIT
  license_family: MIT
  purls: []
  size: 74811
  timestamp: 1752719572741
- conda: https://prefix.dev/conda-forge/osx-arm64/libexpat-2.7.1-hec049ff_0.conda
  sha256: 8fbb17a56f51e7113ed511c5787e0dec0d4b10ef9df921c4fd1cccca0458f648
  md5: b1ca5f21335782f71a8bd69bdc093f67
  depends:
  - __osx >=11.0
  constrains:
  - expat 2.7.1.*
  license: MIT
  license_family: MIT
  purls: []
  size: 65971
  timestamp: 1752719657566
- conda: https://prefix.dev/conda-forge/linux-64/libffi-3.4.6-h2dba641_1.conda
  sha256: 764432d32db45466e87f10621db5b74363a9f847d2b8b1f9743746cd160f06ab
  md5: ede4673863426c0883c0063d853bbd85
  depends:
  - __glibc >=2.17,<3.0.a0
  - libgcc >=13
  license: MIT
  license_family: MIT
  purls: []
  size: 57433
  timestamp: 1743434498161
- conda: https://prefix.dev/conda-forge/osx-arm64/libffi-3.4.6-h1da3d7d_1.conda
  sha256: c6a530924a9b14e193ea9adfe92843de2a806d1b7dbfd341546ece9653129e60
  md5: c215a60c2935b517dcda8cad4705734d
  depends:
  - __osx >=11.0
  license: MIT
  license_family: MIT
  purls: []
  size: 39839
  timestamp: 1743434670405
- conda: https://prefix.dev/conda-forge/linux-64/libgcc-15.1.0-h767d61c_3.conda
  sha256: 59a87161212abe8acc57d318b0cc8636eb834cdfdfddcf1f588b5493644b39a3
  md5: 9e60c55e725c20d23125a5f0dd69af5d
  depends:
  - __glibc >=2.17,<3.0.a0
  - _openmp_mutex >=4.5
  constrains:
  - libgcc-ng ==15.1.0=*_3
  - libgomp 15.1.0 h767d61c_3
  license: GPL-3.0-only WITH GCC-exception-3.1
  license_family: GPL
  purls: []
  size: 824921
  timestamp: 1750808216066
- conda: https://prefix.dev/conda-forge/linux-64/libgcc-ng-15.1.0-h69a702a_3.conda
  sha256: b0b0a5ee6ce645a09578fc1cb70c180723346f8a45fdb6d23b3520591c6d6996
  md5: e66f2b8ad787e7beb0f846e4bd7e8493
  depends:
  - libgcc 15.1.0 h767d61c_3
  license: GPL-3.0-only WITH GCC-exception-3.1
  license_family: GPL
  purls: []
  size: 29033
  timestamp: 1750808224854
- conda: https://prefix.dev/conda-forge/linux-64/libgfortran-15.1.0-h69a702a_3.conda
  sha256: 77dd1f1efd327e6991e87f09c7c97c4ae1cfbe59d9485c41d339d6391ac9c183
  md5: bfbca721fd33188ef923dfe9ba172f29
  depends:
  - libgfortran5 15.1.0 hcea5267_3
  constrains:
  - libgfortran-ng ==15.1.0=*_3
  license: GPL-3.0-only WITH GCC-exception-3.1
  license_family: GPL
  purls: []
  size: 29057
  timestamp: 1750808257258
- conda: https://prefix.dev/conda-forge/osx-arm64/libgfortran-5.0.0-14_2_0_h6c33f7e_103.conda
  sha256: 8628746a8ecd311f1c0d14bb4f527c18686251538f7164982ccbe3b772de58b5
  md5: 044a210bc1d5b8367857755665157413
  depends:
  - libgfortran5 14.2.0 h6c33f7e_103
  license: GPL-3.0-only WITH GCC-exception-3.1
  license_family: GPL
  purls: []
  size: 156291
  timestamp: 1743863532821
- conda: https://prefix.dev/conda-forge/linux-64/libgfortran5-15.1.0-hcea5267_3.conda
  sha256: eea6c3cf22ad739c279b4d665e6cf20f8081f483b26a96ddd67d4df3c88dfa0a
  md5: 530566b68c3b8ce7eec4cd047eae19fe
  depends:
  - __glibc >=2.17,<3.0.a0
  - libgcc >=15.1.0
  constrains:
  - libgfortran 15.1.0
  license: GPL-3.0-only WITH GCC-exception-3.1
  license_family: GPL
  purls: []
  size: 1565627
  timestamp: 1750808236464
- conda: https://prefix.dev/conda-forge/osx-arm64/libgfortran5-14.2.0-h6c33f7e_103.conda
  sha256: 8599453990bd3a449013f5fa3d72302f1c68f0680622d419c3f751ff49f01f17
  md5: 69806c1e957069f1d515830dcc9f6cbb
  depends:
  - llvm-openmp >=8.0.0
  constrains:
  - libgfortran 5.0.0 14_2_0_*_103
  license: GPL-3.0-only WITH GCC-exception-3.1
  license_family: GPL
  purls: []
  size: 806566
  timestamp: 1743863491726
- conda: https://prefix.dev/conda-forge/linux-64/libgomp-15.1.0-h767d61c_3.conda
  sha256: 43710ab4de0cd7ff8467abff8d11e7bb0e36569df04ce1c099d48601818f11d1
  md5: 3cd1a7238a0dd3d0860fdefc496cc854
  depends:
  - __glibc >=2.17,<3.0.a0
  license: GPL-3.0-only WITH GCC-exception-3.1
  license_family: GPL
  purls: []
  size: 447068
  timestamp: 1750808138400
- conda: https://prefix.dev/conda-forge/linux-64/liblapack-3.9.0-32_h7ac8fdf_openblas.conda
  build_number: 32
  sha256: 5b55a30ed1b3f8195dad9020fe1c6d0f514829bfaaf0cf5e393e93682af009f2
  md5: 6c3f04ccb6c578138e9f9899da0bd714
  depends:
  - libblas 3.9.0 32_h59b9bed_openblas
  constrains:
  - libcblas   3.9.0   32*_openblas
  - blas 2.132   openblas
  - liblapacke 3.9.0   32*_openblas
  license: BSD-3-Clause
  license_family: BSD
  purls: []
  size: 17316
  timestamp: 1750388820745
- conda: https://prefix.dev/conda-forge/osx-arm64/liblapack-3.9.0-32_hc9a63f6_openblas.conda
  build_number: 32
  sha256: 5e1cfa3581d1dec6b07a75084ff6cfa4b4465c646c6884a71c78a28543f83b61
  md5: bf9ead3fa92fd75ad473c6a1d255ffcb
  depends:
  - libblas 3.9.0 32_h10e41b3_openblas
  constrains:
  - blas 2.132   openblas
  - libcblas   3.9.0   32*_openblas
  - liblapacke 3.9.0   32*_openblas
  license: BSD-3-Clause
  license_family: BSD
  purls: []
  size: 17507
  timestamp: 1750388977861
- conda: https://prefix.dev/conda-forge/linux-64/liblzma-5.8.1-hb9d3cd8_2.conda
  sha256: f2591c0069447bbe28d4d696b7fcb0c5bd0b4ac582769b89addbcf26fb3430d8
  md5: 1a580f7796c7bf6393fddb8bbbde58dc
  depends:
  - __glibc >=2.17,<3.0.a0
  - libgcc >=13
  constrains:
  - xz 5.8.1.*
  license: 0BSD
  purls: []
  size: 112894
  timestamp: 1749230047870
- conda: https://prefix.dev/conda-forge/osx-arm64/liblzma-5.8.1-h39f12f2_2.conda
  sha256: 0cb92a9e026e7bd4842f410a5c5c665c89b2eb97794ffddba519a626b8ce7285
  md5: d6df911d4564d77c4374b02552cb17d1
  depends:
  - __osx >=11.0
  constrains:
  - xz 5.8.1.*
  license: 0BSD
  purls: []
  size: 92286
  timestamp: 1749230283517
- conda: https://prefix.dev/conda-forge/linux-64/libmpdec-4.0.0-hb9d3cd8_0.conda
  sha256: 3aa92d4074d4063f2a162cd8ecb45dccac93e543e565c01a787e16a43501f7ee
  md5: c7e925f37e3b40d893459e625f6a53f1
  depends:
  - __glibc >=2.17,<3.0.a0
  - libgcc >=13
  license: BSD-2-Clause
  license_family: BSD
  purls: []
  size: 91183
  timestamp: 1748393666725
- conda: https://prefix.dev/conda-forge/osx-arm64/libmpdec-4.0.0-h5505292_0.conda
  sha256: 0a1875fc1642324ebd6c4ac864604f3f18f57fbcf558a8264f6ced028a3c75b2
  md5: 85ccccb47823dd9f7a99d2c7f530342f
  depends:
  - __osx >=11.0
  license: BSD-2-Clause
  license_family: BSD
  purls: []
  size: 71829
  timestamp: 1748393749336
- conda: https://prefix.dev/conda-forge/linux-64/libopenblas-0.3.30-pthreads_h94d23a6_0.conda
  sha256: 225f4cfdb06b3b73f870ad86f00f49a9ca0a8a2d2afe59440521fafe2b6c23d9
  md5: 323dc8f259224d13078aaf7ce96c3efe
  depends:
  - __glibc >=2.17,<3.0.a0
  - libgcc >=14
  - libgfortran
  - libgfortran5 >=14.3.0
  constrains:
  - openblas >=0.3.30,<0.3.31.0a0
  license: BSD-3-Clause
  license_family: BSD
  purls: []
  size: 5916819
  timestamp: 1750379877844
- conda: https://prefix.dev/conda-forge/osx-arm64/libopenblas-0.3.30-openmp_hf332438_0.conda
  sha256: 501c8c64f1a6e6b671e49835e6c483bc25f0e7147f3eb4bbb19a4c3673dcaf28
  md5: 5d7dbaa423b4c253c476c24784286e4b
  depends:
  - __osx >=11.0
  - libgfortran 5.*
  - libgfortran5 >=13.3.0
  - llvm-openmp >=18.1.8
  constrains:
  - openblas >=0.3.30,<0.3.31.0a0
  license: BSD-3-Clause
  license_family: BSD
  purls: []
  size: 4163399
  timestamp: 1750378829050
- conda: https://prefix.dev/conda-forge/linux-64/libsqlite-3.50.4-h0c1763c_0.conda
  sha256: 6d9c32fc369af5a84875725f7ddfbfc2ace795c28f246dc70055a79f9b2003da
  md5: 0b367fad34931cb79e0d6b7e5c06bb1c
  depends:
  - __glibc >=2.17,<3.0.a0
  - libgcc >=14
  - libzlib >=1.3.1,<2.0a0
  license: blessing
  purls: []
  size: 932581
  timestamp: 1753948484112
- conda: https://prefix.dev/conda-forge/osx-arm64/libsqlite-3.50.4-h4237e3c_0.conda
  sha256: 802ebe62e6bc59fc26b26276b793e0542cfff2d03c086440aeaf72fb8bbcec44
  md5: 1dcb0468f5146e38fae99aef9656034b
  depends:
  - __osx >=11.0
  - icu >=75.1,<76.0a0
  - libzlib >=1.3.1,<2.0a0
  license: blessing
  purls: []
  size: 902645
  timestamp: 1753948599139
- conda: https://prefix.dev/conda-forge/linux-64/libstdcxx-15.1.0-h8f9b012_3.conda
  sha256: 7650837344b7850b62fdba02155da0b159cf472b9ab59eb7b472f7bd01dff241
  md5: 6d11a5edae89fe413c0569f16d308f5a
  depends:
  - __glibc >=2.17,<3.0.a0
  - libgcc 15.1.0 h767d61c_3
  license: GPL-3.0-only WITH GCC-exception-3.1
  license_family: GPL
  purls: []
  size: 3896407
  timestamp: 1750808251302
- conda: https://prefix.dev/conda-forge/linux-64/libuuid-2.38.1-h0b41bf4_0.conda
  sha256: 787eb542f055a2b3de553614b25f09eefb0a0931b0c87dbcce6efdfd92f04f18
  md5: 40b61aab5c7ba9ff276c41cfffe6b80b
  depends:
  - libgcc-ng >=12
  license: BSD-3-Clause
  license_family: BSD
  purls: []
  size: 33601
  timestamp: 1680112270483
- conda: https://prefix.dev/conda-forge/linux-64/libzlib-1.3.1-hb9d3cd8_2.conda
  sha256: d4bfe88d7cb447768e31650f06257995601f89076080e76df55e3112d4e47dc4
  md5: edb0dca6bc32e4f4789199455a1dbeb8
  depends:
  - __glibc >=2.17,<3.0.a0
  - libgcc >=13
  constrains:
  - zlib 1.3.1 *_2
  license: Zlib
  license_family: Other
  purls: []
  size: 60963
  timestamp: 1727963148474
- conda: https://prefix.dev/conda-forge/osx-arm64/libzlib-1.3.1-h8359307_2.conda
  sha256: ce34669eadaba351cd54910743e6a2261b67009624dbc7daeeafdef93616711b
  md5: 369964e85dc26bfe78f41399b366c435
  depends:
  - __osx >=11.0
  constrains:
  - zlib 1.3.1 *_2
  license: Zlib
  license_family: Other
  purls: []
  size: 46438
  timestamp: 1727963202283
- conda: https://prefix.dev/conda-forge/osx-arm64/llvm-openmp-20.1.7-hdb05f8b_0.conda
  sha256: e7d95b50a90cdc9e0fc38bc37f493a61b9d08164114b562bbd9ff0034f45eca2
  md5: 741e1da0a0798d32e13e3724f2ca2dcf
  depends:
  - __osx >=11.0
  constrains:
  - openmp 20.1.7|20.1.7.*
  license: Apache-2.0 WITH LLVM-exception
  license_family: APACHE
  purls: []
  size: 281996
  timestamp: 1749892286735
- pypi: https://files.pythonhosted.org/packages/96/2b/34cc11786bc00d0f04d0f5fdc3a2b1ae0b6239eef72d3d345805f9ad92a1/markdown-3.8.2-py3-none-any.whl
  name: markdown
  version: 3.8.2
  sha256: 5c83764dbd4e00bdd94d85a19b8d55ccca20fe35b2e678a1422b380324dd5f24
  requires_dist:
  - importlib-metadata>=4.4 ; python_full_version < '3.10'
  - coverage ; extra == 'testing'
  - pyyaml ; extra == 'testing'
  - mkdocs>=1.6 ; extra == 'docs'
  - mkdocs-nature>=0.6 ; extra == 'docs'
  - mdx-gh-links>=0.2 ; extra == 'docs'
  - mkdocstrings[python] ; extra == 'docs'
  - mkdocs-gen-files ; extra == 'docs'
  - mkdocs-section-index ; extra == 'docs'
  - mkdocs-literate-nav ; extra == 'docs'
  requires_python: '>=3.9'
- pypi: https://files.pythonhosted.org/packages/0c/91/96cf928db8236f1bfab6ce15ad070dfdd02ed88261c2afafd4b43575e9e9/MarkupSafe-3.0.2-cp313-cp313-manylinux_2_17_x86_64.manylinux2014_x86_64.whl
  name: markupsafe
  version: 3.0.2
  sha256: 15ab75ef81add55874e7ab7055e9c397312385bd9ced94920f2802310c930396
  requires_python: '>=3.9'
- pypi: https://files.pythonhosted.org/packages/2b/6d/9409f3684d3335375d04e5f05744dfe7e9f120062c9857df4ab490a1031a/MarkupSafe-3.0.2-cp313-cp313-macosx_11_0_arm64.whl
  name: markupsafe
  version: 3.0.2
  sha256: f8b3d067f2e40fe93e1ccdd6b2e1d16c43140e76f02fb1319a05cf2b79d99430
  requires_python: '>=3.9'
- conda: https://prefix.dev/conda-forge/linux-64/ncurses-6.5-h2d0b736_3.conda
  sha256: 3fde293232fa3fca98635e1167de6b7c7fda83caf24b9d6c91ec9eefb4f4d586
  md5: 47e340acb35de30501a76c7c799c41d7
  depends:
  - __glibc >=2.17,<3.0.a0
  - libgcc >=13
  license: X11 AND BSD-3-Clause
  purls: []
  size: 891641
  timestamp: 1738195959188
- conda: https://prefix.dev/conda-forge/osx-arm64/ncurses-6.5-h5e97a16_3.conda
  sha256: 2827ada40e8d9ca69a153a45f7fd14f32b2ead7045d3bbb5d10964898fe65733
  md5: 068d497125e4bf8a66bf707254fff5ae
  depends:
  - __osx >=11.0
  license: X11 AND BSD-3-Clause
  purls: []
  size: 797030
  timestamp: 1738196177597
- conda: https://prefix.dev/conda-forge/linux-64/numpy-2.3.3-py313hf6604e3_0.conda
  sha256: 88d45c6dbedabbc8ebb19555bb3d04b5e2846ae8a7dfc2c0204b54f5f6efaef7
  md5: 3122d20dc438287e125fb5acff1df170
  depends:
  - python
  - libgcc >=14
  - libstdcxx >=14
  - libgcc >=14
  - __glibc >=2.17,<3.0.a0
  - liblapack >=3.9.0,<4.0a0
  - libblas >=3.9.0,<4.0a0
  - python_abi 3.13.* *_cp313
  - libcblas >=3.9.0,<4.0a0
  constrains:
  - numpy-base <0a0
  license: BSD-3-Clause
  purls:
  - pkg:pypi/numpy?source=compressed-mapping
  size: 8888776
  timestamp: 1757505485589
- conda: https://prefix.dev/conda-forge/osx-arm64/numpy-2.3.3-py313h9771d21_0.conda
  sha256: 0a8d31fbb49be666f17f746104255e3ccfdb27eac79fe9b8178c8f8bd6a6b2ee
  md5: 54cfeb1b41a3c21da642f9b925545478
  depends:
  - python
  - libcxx >=19
  - python 3.13.* *_cp313
  - __osx >=11.0
  - libcblas >=3.9.0,<4.0a0
  - python_abi 3.13.* *_cp313
  - liblapack >=3.9.0,<4.0a0
  - libblas >=3.9.0,<4.0a0
  constrains:
  - numpy-base <0a0
  license: BSD-3-Clause
  purls:
  - pkg:pypi/numpy?source=hash-mapping
  size: 6749676
  timestamp: 1757504939745
- conda: https://prefix.dev/conda-forge/linux-64/openssl-3.5.2-h26f9b46_0.conda
  sha256: c9f54d4e8212f313be7b02eb962d0cb13a8dae015683a403d3accd4add3e520e
  md5: ffffb341206dd0dab0c36053c048d621
  depends:
  - __glibc >=2.17,<3.0.a0
  - ca-certificates
  - libgcc >=14
  license: Apache-2.0
  license_family: Apache
  purls: []
  size: 3128847
  timestamp: 1754465526100
- conda: https://prefix.dev/conda-forge/osx-arm64/openssl-3.5.2-he92f556_0.conda
  sha256: f6d1c87dbcf7b39fad24347570166dade1c533ae2d53c60a70fa4dc874ef0056
  md5: bcb0d87dfbc199d0a461d2c7ca30b3d8
  depends:
  - __osx >=11.0
  - ca-certificates
  license: Apache-2.0
  license_family: Apache
  purls: []
  size: 3074848
  timestamp: 1754465710470
- pypi: https://files.pythonhosted.org/packages/20/12/38679034af332785aac8774540895e234f4d07f7545804097de4b666afd8/packaging-25.0-py3-none-any.whl
  name: packaging
  version: '25.0'
  sha256: 29572ef2b1f17581046b3a2227d5c611fb25ec70ca1ba8554b24b0e69331a484
  requires_python: '>=3.8'
- pypi: https://files.pythonhosted.org/packages/6a/c9/b9689a2a250264a84e66c46d8862ba788ee7a641cdca39bccf64f59284b7/protobuf-6.31.1-cp39-abi3-macosx_10_9_universal2.whl
  name: protobuf
  version: 6.31.1
  sha256: 6f1227473dc43d44ed644425268eb7c2e488ae245d51c6866d19fe158e207402
  requires_python: '>=3.9'
- pypi: https://files.pythonhosted.org/packages/fa/b1/b59d405d64d31999244643d88c45c8241c58f17cc887e73bcb90602327f8/protobuf-6.31.1-cp39-abi3-manylinux2014_x86_64.whl
  name: protobuf
  version: 6.31.1
  sha256: 4ee898bf66f7a8b0bd21bce523814e6fbd8c6add948045ce958b73af7e8878c6
  requires_python: '>=3.9'
- conda: https://prefix.dev/conda-forge/linux-64/python-3.13.7-h2b335a9_100_cp313.conda
  build_number: 100
  sha256: 16cc30a5854f31ca6c3688337d34e37a79cdc518a06375fe3482ea8e2d6b34c8
  md5: 724dcf9960e933838247971da07fe5cf
  depends:
  - __glibc >=2.17,<3.0.a0
  - bzip2 >=1.0.8,<2.0a0
  - ld_impl_linux-64 >=2.36.1
  - libexpat >=2.7.1,<3.0a0
  - libffi >=3.4.6,<3.5.0a0
  - libgcc >=14
  - liblzma >=5.8.1,<6.0a0
  - libmpdec >=4.0.0,<5.0a0
  - libsqlite >=3.50.4,<4.0a0
  - libuuid >=2.38.1,<3.0a0
  - libzlib >=1.3.1,<2.0a0
  - ncurses >=6.5,<7.0a0
  - openssl >=3.5.2,<4.0a0
  - python_abi 3.13.* *_cp313
  - readline >=8.2,<9.0a0
  - tk >=8.6.13,<8.7.0a0
  - tzdata
  license: Python-2.0
  purls: []
  size: 33583088
  timestamp: 1756911465277
  python_site_packages_path: lib/python3.13/site-packages
- conda: https://prefix.dev/conda-forge/osx-arm64/python-3.13.7-h5c937ed_100_cp313.conda
  build_number: 100
  sha256: b9776cc330fa4836171a42e0e9d9d3da145d7702ba6ef9fad45e94f0f016eaef
  md5: 445d057271904b0e21e14b1fa1d07ba5
  depends:
  - __osx >=11.0
  - bzip2 >=1.0.8,<2.0a0
  - libexpat >=2.7.1,<3.0a0
  - libffi >=3.4.6,<3.5.0a0
  - liblzma >=5.8.1,<6.0a0
  - libmpdec >=4.0.0,<5.0a0
  - libsqlite >=3.50.4,<4.0a0
  - libzlib >=1.3.1,<2.0a0
  - ncurses >=6.5,<7.0a0
  - openssl >=3.5.2,<4.0a0
  - python_abi 3.13.* *_cp313
  - readline >=8.2,<9.0a0
  - tk >=8.6.13,<8.7.0a0
  - tzdata
  license: Python-2.0
  purls: []
  size: 11926240
  timestamp: 1756909724811
  python_site_packages_path: lib/python3.13/site-packages
- conda: https://prefix.dev/conda-forge/noarch/python_abi-3.13-8_cp313.conda
  build_number: 8
  sha256: 210bffe7b121e651419cb196a2a63687b087497595c9be9d20ebe97dd06060a7
  md5: 94305520c52a4aa3f6c2b1ff6008d9f8
  constrains:
  - python 3.13.* *_cp313
  license: BSD-3-Clause
  license_family: BSD
  purls: []
  size: 7002
  timestamp: 1752805902938
- conda: .
  name: raft-optical-flow
  version: 0.1.0
  build: pyhbf21a9e_0
  subdir: noarch
  depends:
  - numpy >=2,<3.0.0
  - python
  input:
    hash: 1ecf0f92211a7da9970e2a98d2f63aff803dc05b74aaf8682267fef53132dd8f
    globs: []
- conda: https://prefix.dev/conda-forge/linux-64/readline-8.2-h8c095d6_2.conda
  sha256: 2d6d0c026902561ed77cd646b5021aef2d4db22e57a5b0178dfc669231e06d2c
  md5: 283b96675859b20a825f8fa30f311446
  depends:
  - libgcc >=13
  - ncurses >=6.5,<7.0a0
  license: GPL-3.0-only
  license_family: GPL
  purls: []
  size: 282480
  timestamp: 1740379431762
- conda: https://prefix.dev/conda-forge/osx-arm64/readline-8.2-h1d1bf99_2.conda
  sha256: 7db04684d3904f6151eff8673270922d31da1eea7fa73254d01c437f49702e34
  md5: 63ef3f6e6d6d5c589e64f11263dc5676
  depends:
  - ncurses >=6.5,<7.0a0
  license: GPL-3.0-only
  license_family: GPL
  purls: []
  size: 252359
  timestamp: 1740379663071
- pypi: https://files.pythonhosted.org/packages/a3/dc/17031897dae0efacfea57dfd3a82fdd2a2aeb58e0ff71b77b87e44edc772/setuptools-80.9.0-py3-none-any.whl
  name: setuptools
  version: 80.9.0
  sha256: 062d34222ad13e0cc312a4c02d73f059e86a4acbfbdea8f8f76b28c99f306922
  requires_dist:
  - pytest>=6,!=8.1.* ; extra == 'test'
  - virtualenv>=13.0.0 ; extra == 'test'
  - wheel>=0.44.0 ; extra == 'test'
  - pip>=19.1 ; extra == 'test'
  - packaging>=24.2 ; extra == 'test'
  - jaraco-envs>=2.2 ; extra == 'test'
  - pytest-xdist>=3 ; extra == 'test'
  - jaraco-path>=3.7.2 ; extra == 'test'
  - build[virtualenv]>=1.0.3 ; extra == 'test'
  - filelock>=3.4.0 ; extra == 'test'
  - ini2toml[lite]>=0.14 ; extra == 'test'
  - tomli-w>=1.0.0 ; extra == 'test'
  - pytest-timeout ; extra == 'test'
  - pytest-perf ; sys_platform != 'cygwin' and extra == 'test'
  - jaraco-develop>=7.21 ; python_full_version >= '3.9' and sys_platform != 'cygwin' and extra == 'test'
  - pytest-home>=0.5 ; extra == 'test'
  - pytest-subprocess ; extra == 'test'
  - pyproject-hooks!=1.1 ; extra == 'test'
  - jaraco-test>=5.5 ; extra == 'test'
  - sphinx>=3.5 ; extra == 'doc'
  - jaraco-packaging>=9.3 ; extra == 'doc'
  - rst-linker>=1.9 ; extra == 'doc'
  - furo ; extra == 'doc'
  - sphinx-lint ; extra == 'doc'
  - jaraco-tidelift>=1.4 ; extra == 'doc'
  - pygments-github-lexers==0.0.5 ; extra == 'doc'
  - sphinx-favicon ; extra == 'doc'
  - sphinx-inline-tabs ; extra == 'doc'
  - sphinx-reredirects ; extra == 'doc'
  - sphinxcontrib-towncrier ; extra == 'doc'
  - sphinx-notfound-page>=1,<2 ; extra == 'doc'
  - pyproject-hooks!=1.1 ; extra == 'doc'
  - towncrier<24.7 ; extra == 'doc'
  - packaging>=24.2 ; extra == 'core'
  - more-itertools>=8.8 ; extra == 'core'
  - jaraco-text>=3.7 ; extra == 'core'
  - importlib-metadata>=6 ; python_full_version < '3.10' and extra == 'core'
  - tomli>=2.0.1 ; python_full_version < '3.11' and extra == 'core'
  - wheel>=0.43.0 ; extra == 'core'
  - platformdirs>=4.2.2 ; extra == 'core'
  - jaraco-functools>=4 ; extra == 'core'
  - more-itertools ; extra == 'core'
  - pytest-checkdocs>=2.4 ; extra == 'check'
  - pytest-ruff>=0.2.1 ; sys_platform != 'cygwin' and extra == 'check'
  - ruff>=0.8.0 ; sys_platform != 'cygwin' and extra == 'check'
  - pytest-cov ; extra == 'cover'
  - pytest-enabler>=2.2 ; extra == 'enabler'
  - pytest-mypy ; extra == 'type'
  - mypy==1.14.* ; extra == 'type'
  - importlib-metadata>=7.0.2 ; python_full_version < '3.10' and extra == 'type'
  - jaraco-develop>=7.21 ; sys_platform != 'cygwin' and extra == 'type'
  requires_python: '>=3.9'
- pypi: https://files.pythonhosted.org/packages/b7/ce/149a00dd41f10bc29e5921b496af8b574d8413afcd5e30dfa0ed46c2cc5e/six-1.17.0-py2.py3-none-any.whl
  name: six
  version: 1.17.0
  sha256: 4721f391ed90541fddacab5acf947aa0d3dc7d27b2e1e8eda2be8970586c3274
  requires_python: '>=2.7,!=3.0.*,!=3.1.*,!=3.2.*'
- pypi: https://files.pythonhosted.org/packages/5d/12/4f70e8e2ba0dbe72ea978429d8530b0333f0ed2140cc571a48802878ef99/tensorboard-2.19.0-py3-none-any.whl
  name: tensorboard
  version: 2.19.0
  sha256: 5e71b98663a641a7ce8a6e70b0be8e1a4c0c45d48760b076383ac4755c35b9a0
  requires_dist:
  - absl-py>=0.4
  - grpcio>=1.48.2
  - markdown>=2.6.8
  - numpy>=1.12.0
  - packaging
  - protobuf>=3.19.6,!=4.24.0
  - setuptools>=41.0.0
  - six>1.9
  - tensorboard-data-server>=0.7.0,<0.8.0
  - werkzeug>=1.0.1
  requires_python: '>=3.9'
- pypi: https://files.pythonhosted.org/packages/7a/13/e503968fefabd4c6b2650af21e110aa8466fe21432cd7c43a84577a89438/tensorboard_data_server-0.7.2-py3-none-any.whl
  name: tensorboard-data-server
  version: 0.7.2
  sha256: 7e0610d205889588983836ec05dc098e80f97b7e7bbff7e994ebb78f578d0ddb
  requires_python: '>=3.7'
- conda: https://prefix.dev/conda-forge/linux-64/tk-8.6.13-noxft_hd72426e_102.conda
  sha256: a84ff687119e6d8752346d1d408d5cf360dee0badd487a472aa8ddedfdc219e1
  md5: a0116df4f4ed05c303811a837d5b39d8
  depends:
  - __glibc >=2.17,<3.0.a0
  - libgcc >=13
  - libzlib >=1.3.1,<2.0a0
  license: TCL
  license_family: BSD
  purls: []
  size: 3285204
  timestamp: 1748387766691
- conda: https://prefix.dev/conda-forge/osx-arm64/tk-8.6.13-h892fb3f_2.conda
  sha256: cb86c522576fa95c6db4c878849af0bccfd3264daf0cc40dd18e7f4a7bfced0e
  md5: 7362396c170252e7b7b0c8fb37fe9c78
  depends:
  - __osx >=11.0
  - libzlib >=1.3.1,<2.0a0
  license: TCL
  license_family: BSD
  purls: []
  size: 3125538
  timestamp: 1748388189063
- conda: https://prefix.dev/conda-forge/noarch/tzdata-2025b-h78e105d_0.conda
  sha256: 5aaa366385d716557e365f0a4e9c3fca43ba196872abbbe3d56bb610d131e192
  md5: 4222072737ccff51314b5ece9c7d6f5a
  license: LicenseRef-Public-Domain
  purls: []
  size: 122968
  timestamp: 1742727099393
- pypi: https://files.pythonhosted.org/packages/52/24/ab44c871b0f07f491e5d2ad12c9bd7358e527510618cb1b803a88e986db1/werkzeug-3.1.3-py3-none-any.whl
  name: werkzeug
  version: 3.1.3
  sha256: 54b78bf3716d19a65be4fceccc0d1d7b89e608834989dfae50ea87564639213e
  requires_dist:
  - markupsafe>=2.1.1
  - watchdog>=2.3 ; extra == 'watchdog'
  requires_python: '>=3.9'
